// !$*UTF8*$!
{
	archiveVersion = 1;
	classes = {
	};
	objectVersion = 46;
	objects = {

/* Begin PBXBuildFile section */
		403B1A9D9C3CB8EA0BF2F04D /* Pods_Breast_Feeding_NFPUITests.framework in Frameworks */ = {isa = PBXBuildFile; fileRef = B837E953CD14D151A4B75FE3 /* Pods_Breast_Feeding_NFPUITests.framework */; };
		BC145E83202D4A0E004A516B /* VerificationStep.swift in Sources */ = {isa = PBXBuildFile; fileRef = BC145E82202D4A0E004A516B /* VerificationStep.swift */; };
		BC21F3AE1F4F3072006629AC /* AppDelegate.swift in Sources */ = {isa = PBXBuildFile; fileRef = BC21F3AD1F4F3072006629AC /* AppDelegate.swift */; };
		BC21F3B01F4F3072006629AC /* FirstViewController.swift in Sources */ = {isa = PBXBuildFile; fileRef = BC21F3AF1F4F3072006629AC /* FirstViewController.swift */; };
		BC21F3B21F4F3072006629AC /* ProfileViewController.swift in Sources */ = {isa = PBXBuildFile; fileRef = BC21F3B11F4F3072006629AC /* ProfileViewController.swift */; };
		BC21F3B51F4F3072006629AC /* Main.storyboard in Resources */ = {isa = PBXBuildFile; fileRef = BC21F3B31F4F3072006629AC /* Main.storyboard */; };
		BC21F3B71F4F3072006629AC /* Assets.xcassets in Resources */ = {isa = PBXBuildFile; fileRef = BC21F3B61F4F3072006629AC /* Assets.xcassets */; };
		BC21F3BA1F4F3072006629AC /* LaunchScreen.storyboard in Resources */ = {isa = PBXBuildFile; fileRef = BC21F3B81F4F3072006629AC /* LaunchScreen.storyboard */; };
		BC21F3C51F4F3072006629AC /* Breast_Feeding_NFPTests.swift in Sources */ = {isa = PBXBuildFile; fileRef = BC21F3C41F4F3072006629AC /* Breast_Feeding_NFPTests.swift */; };
		BC21F3D01F4F3072006629AC /* Breast_Feeding_NFPUITests.swift in Sources */ = {isa = PBXBuildFile; fileRef = BC21F3CF1F4F3072006629AC /* Breast_Feeding_NFPUITests.swift */; };
		BC48D8E32030CF1B00EEEE35 /* DoNotCommit.swift in Sources */ = {isa = PBXBuildFile; fileRef = BC48D8E22030CF1B00EEEE35 /* DoNotCommit.swift */; };
		BC65FCAE203E46B2005D2A3A /* KeychainWrapperTests.swift in Sources */ = {isa = PBXBuildFile; fileRef = BC65FCAD203E46B2005D2A3A /* KeychainWrapperTests.swift */; };
		BC7759521F4F508400AF2FC6 /* ResearchContainerSegue.swift in Sources */ = {isa = PBXBuildFile; fileRef = BC7759511F4F508400AF2FC6 /* ResearchContainerSegue.swift */; };
		BC7759541F4F50E900AF2FC6 /* ResearchContainerViewController.swift in Sources */ = {isa = PBXBuildFile; fileRef = BC7759531F4F50E900AF2FC6 /* ResearchContainerViewController.swift */; };
		BC7759571F4F53BB00AF2FC6 /* WithdrawViewController.swift in Sources */ = {isa = PBXBuildFile; fileRef = BC7759561F4F53BB00AF2FC6 /* WithdrawViewController.swift */; };
		BC7759591F4F561700AF2FC6 /* OnboardingViewController.swift in Sources */ = {isa = PBXBuildFile; fileRef = BC7759581F4F561700AF2FC6 /* OnboardingViewController.swift */; };
		BC77595D1F4F593F00AF2FC6 /* ConsentDocument.swift in Sources */ = {isa = PBXBuildFile; fileRef = BC77595C1F4F593F00AF2FC6 /* ConsentDocument.swift */; };
		BC7759611F4F5A3C00AF2FC6 /* ActivityViewController.swift in Sources */ = {isa = PBXBuildFile; fileRef = BC7759601F4F5A3C00AF2FC6 /* ActivityViewController.swift */; };
		BC7759631F4F619000AF2FC6 /* StudyTasks.swift in Sources */ = {isa = PBXBuildFile; fileRef = BC7759621F4F619000AF2FC6 /* StudyTasks.swift */; };
		BC7759651F4F650800AF2FC6 /* IntroductionViewController.swift in Sources */ = {isa = PBXBuildFile; fileRef = BC7759641F4F650800AF2FC6 /* IntroductionViewController.swift */; };
		BC81A8B41F6AF14900A69850 /* ProcessResults.swift in Sources */ = {isa = PBXBuildFile; fileRef = BC81A8B31F6AF14900A69850 /* ProcessResults.swift */; };
		BC97E3981F705E9E00D7BD4B /* TaskViewControllerResults.swift in Sources */ = {isa = PBXBuildFile; fileRef = BC97E3971F705E9E00D7BD4B /* TaskViewControllerResults.swift */; };
		BC9BA2112040AA9200D651C6 /* LoginViewController.swift in Sources */ = {isa = PBXBuildFile; fileRef = BC9BA20F2040AA9200D651C6 /* LoginViewController.swift */; };
		BC9BA2122040AA9200D651C6 /* LoginViewController.xib in Resources */ = {isa = PBXBuildFile; fileRef = BC9BA2102040AA9200D651C6 /* LoginViewController.xib */; };
		BCAA5393202BE9DF00EA68EE /* OnboardingTask.swift in Sources */ = {isa = PBXBuildFile; fileRef = BCAA5392202BE9DF00EA68EE /* OnboardingTask.swift */; };
		BCBA36371F549E4F0057C7D8 /* OnboardingSurvey.swift in Sources */ = {isa = PBXBuildFile; fileRef = BCBA36361F549E4F0057C7D8 /* OnboardingSurvey.swift */; };
		BCBBFC1E1F6527F0009AA9B9 /* TaskResults.swift in Sources */ = {isa = PBXBuildFile; fileRef = BCBBFC1D1F6527F0009AA9B9 /* TaskResults.swift */; };
		BCBBFC201F652825009AA9B9 /* ActivityEnum.swift in Sources */ = {isa = PBXBuildFile; fileRef = BCBBFC1F1F652825009AA9B9 /* ActivityEnum.swift */; };
		BCC5EA92202E180F00F2B2D2 /* VerificationStepView.xib in Resources */ = {isa = PBXBuildFile; fileRef = BCC5EA91202E180F00F2B2D2 /* VerificationStepView.xib */; };
		BCC77A72202FE97600D6798B /* LoginTask.swift in Sources */ = {isa = PBXBuildFile; fileRef = BCC77A71202FE97600D6798B /* LoginTask.swift */; };
		BCC7C237202F7EBD0068A7A9 /* PasscodeTask.swift in Sources */ = {isa = PBXBuildFile; fileRef = BCC7C236202F7EBD0068A7A9 /* PasscodeTask.swift */; };
		D9E9EA8420560899004D7012 /* AmazonCognitoSync.swift in Sources */ = {isa = PBXBuildFile; fileRef = D9E9EA8320560899004D7012 /* AmazonCognitoSync.swift */; };
		EC74BA55CCC19AB3321596F9 /* Pods_Breast_Feeding_NFP.framework in Frameworks */ = {isa = PBXBuildFile; fileRef = 783F486C43D2031E4BBB3D79 /* Pods_Breast_Feeding_NFP.framework */; };
		FBE0BF8ED3988D1FF031F613 /* Pods_Breast_Feeding_NFPTests.framework in Frameworks */ = {isa = PBXBuildFile; fileRef = 53DFFBEDF0297014767E10EA /* Pods_Breast_Feeding_NFPTests.framework */; };
/* End PBXBuildFile section */

/* Begin PBXContainerItemProxy section */
		BC21F3C11F4F3072006629AC /* PBXContainerItemProxy */ = {
			isa = PBXContainerItemProxy;
			containerPortal = BC21F3A21F4F3072006629AC /* Project object */;
			proxyType = 1;
			remoteGlobalIDString = BC21F3A91F4F3072006629AC;
			remoteInfo = "Breast Feeding NFP";
		};
		BC21F3CC1F4F3072006629AC /* PBXContainerItemProxy */ = {
			isa = PBXContainerItemProxy;
			containerPortal = BC21F3A21F4F3072006629AC /* Project object */;
			proxyType = 1;
			remoteGlobalIDString = BC21F3A91F4F3072006629AC;
			remoteInfo = "Breast Feeding NFP";
		};
/* End PBXContainerItemProxy section */

/* Begin PBXFileReference section */
		3B603C43252FC7AA920637A4 /* Pods-Breast Feeding NFPUITests.debug.xcconfig */ = {isa = PBXFileReference; includeInIndex = 1; lastKnownFileType = text.xcconfig; name = "Pods-Breast Feeding NFPUITests.debug.xcconfig"; path = "Pods/Target Support Files/Pods-Breast Feeding NFPUITests/Pods-Breast Feeding NFPUITests.debug.xcconfig"; sourceTree = "<group>"; };
		53DFFBEDF0297014767E10EA /* Pods_Breast_Feeding_NFPTests.framework */ = {isa = PBXFileReference; explicitFileType = wrapper.framework; includeInIndex = 0; path = Pods_Breast_Feeding_NFPTests.framework; sourceTree = BUILT_PRODUCTS_DIR; };
		57A7D7FA1E58A5061F4EBF73 /* Pods-Breast Feeding NFPUITests.release.xcconfig */ = {isa = PBXFileReference; includeInIndex = 1; lastKnownFileType = text.xcconfig; name = "Pods-Breast Feeding NFPUITests.release.xcconfig"; path = "Pods/Target Support Files/Pods-Breast Feeding NFPUITests/Pods-Breast Feeding NFPUITests.release.xcconfig"; sourceTree = "<group>"; };
		783F486C43D2031E4BBB3D79 /* Pods_Breast_Feeding_NFP.framework */ = {isa = PBXFileReference; explicitFileType = wrapper.framework; includeInIndex = 0; path = Pods_Breast_Feeding_NFP.framework; sourceTree = BUILT_PRODUCTS_DIR; };
		7CECEBE3AA6C3A109BA502A3 /* Pods-Breast Feeding NFP.release.xcconfig */ = {isa = PBXFileReference; includeInIndex = 1; lastKnownFileType = text.xcconfig; name = "Pods-Breast Feeding NFP.release.xcconfig"; path = "Pods/Target Support Files/Pods-Breast Feeding NFP/Pods-Breast Feeding NFP.release.xcconfig"; sourceTree = "<group>"; };
		B837E953CD14D151A4B75FE3 /* Pods_Breast_Feeding_NFPUITests.framework */ = {isa = PBXFileReference; explicitFileType = wrapper.framework; includeInIndex = 0; path = Pods_Breast_Feeding_NFPUITests.framework; sourceTree = BUILT_PRODUCTS_DIR; };
		BC145E82202D4A0E004A516B /* VerificationStep.swift */ = {isa = PBXFileReference; lastKnownFileType = sourcecode.swift; path = VerificationStep.swift; sourceTree = "<group>"; };
		BC21F3AA1F4F3072006629AC /* Breast Feeding NFP.app */ = {isa = PBXFileReference; explicitFileType = wrapper.application; includeInIndex = 0; path = "Breast Feeding NFP.app"; sourceTree = BUILT_PRODUCTS_DIR; };
		BC21F3AD1F4F3072006629AC /* AppDelegate.swift */ = {isa = PBXFileReference; lastKnownFileType = sourcecode.swift; path = AppDelegate.swift; sourceTree = "<group>"; };
		BC21F3AF1F4F3072006629AC /* FirstViewController.swift */ = {isa = PBXFileReference; lastKnownFileType = sourcecode.swift; path = FirstViewController.swift; sourceTree = "<group>"; };
		BC21F3B11F4F3072006629AC /* ProfileViewController.swift */ = {isa = PBXFileReference; lastKnownFileType = sourcecode.swift; path = ProfileViewController.swift; sourceTree = "<group>"; };
		BC21F3B41F4F3072006629AC /* Base */ = {isa = PBXFileReference; lastKnownFileType = file.storyboard; name = Base; path = Base.lproj/Main.storyboard; sourceTree = "<group>"; };
		BC21F3B61F4F3072006629AC /* Assets.xcassets */ = {isa = PBXFileReference; lastKnownFileType = folder.assetcatalog; path = Assets.xcassets; sourceTree = "<group>"; };
		BC21F3B91F4F3072006629AC /* Base */ = {isa = PBXFileReference; lastKnownFileType = file.storyboard; name = Base; path = Base.lproj/LaunchScreen.storyboard; sourceTree = "<group>"; };
		BC21F3BB1F4F3072006629AC /* Info.plist */ = {isa = PBXFileReference; lastKnownFileType = text.plist.xml; path = Info.plist; sourceTree = "<group>"; };
		BC21F3C01F4F3072006629AC /* Breast Feeding NFPTests.xctest */ = {isa = PBXFileReference; explicitFileType = wrapper.cfbundle; includeInIndex = 0; path = "Breast Feeding NFPTests.xctest"; sourceTree = BUILT_PRODUCTS_DIR; };
		BC21F3C41F4F3072006629AC /* Breast_Feeding_NFPTests.swift */ = {isa = PBXFileReference; lastKnownFileType = sourcecode.swift; path = Breast_Feeding_NFPTests.swift; sourceTree = "<group>"; };
		BC21F3C61F4F3072006629AC /* Info.plist */ = {isa = PBXFileReference; lastKnownFileType = text.plist.xml; path = Info.plist; sourceTree = "<group>"; };
		BC21F3CB1F4F3072006629AC /* Breast Feeding NFPUITests.xctest */ = {isa = PBXFileReference; explicitFileType = wrapper.cfbundle; includeInIndex = 0; path = "Breast Feeding NFPUITests.xctest"; sourceTree = BUILT_PRODUCTS_DIR; };
		BC21F3CF1F4F3072006629AC /* Breast_Feeding_NFPUITests.swift */ = {isa = PBXFileReference; lastKnownFileType = sourcecode.swift; path = Breast_Feeding_NFPUITests.swift; sourceTree = "<group>"; };
		BC21F3D11F4F3072006629AC /* Info.plist */ = {isa = PBXFileReference; lastKnownFileType = text.plist.xml; path = Info.plist; sourceTree = "<group>"; };
		BC48D8E22030CF1B00EEEE35 /* DoNotCommit.swift */ = {isa = PBXFileReference; lastKnownFileType = sourcecode.swift; path = DoNotCommit.swift; sourceTree = "<group>"; };
		BC65FCAD203E46B2005D2A3A /* KeychainWrapperTests.swift */ = {isa = PBXFileReference; lastKnownFileType = sourcecode.swift; path = KeychainWrapperTests.swift; sourceTree = "<group>"; };
		BC7759511F4F508400AF2FC6 /* ResearchContainerSegue.swift */ = {isa = PBXFileReference; fileEncoding = 4; lastKnownFileType = sourcecode.swift; path = ResearchContainerSegue.swift; sourceTree = "<group>"; };
		BC7759531F4F50E900AF2FC6 /* ResearchContainerViewController.swift */ = {isa = PBXFileReference; fileEncoding = 4; lastKnownFileType = sourcecode.swift; path = ResearchContainerViewController.swift; sourceTree = "<group>"; };
		BC7759561F4F53BB00AF2FC6 /* WithdrawViewController.swift */ = {isa = PBXFileReference; fileEncoding = 4; lastKnownFileType = sourcecode.swift; path = WithdrawViewController.swift; sourceTree = "<group>"; };
		BC7759581F4F561700AF2FC6 /* OnboardingViewController.swift */ = {isa = PBXFileReference; fileEncoding = 4; lastKnownFileType = sourcecode.swift; path = OnboardingViewController.swift; sourceTree = "<group>"; };
		BC77595C1F4F593F00AF2FC6 /* ConsentDocument.swift */ = {isa = PBXFileReference; fileEncoding = 4; lastKnownFileType = sourcecode.swift; path = ConsentDocument.swift; sourceTree = "<group>"; };
		BC7759601F4F5A3C00AF2FC6 /* ActivityViewController.swift */ = {isa = PBXFileReference; fileEncoding = 4; lastKnownFileType = sourcecode.swift; path = ActivityViewController.swift; sourceTree = "<group>"; };
		BC7759621F4F619000AF2FC6 /* StudyTasks.swift */ = {isa = PBXFileReference; fileEncoding = 4; lastKnownFileType = sourcecode.swift; path = StudyTasks.swift; sourceTree = "<group>"; };
		BC7759641F4F650800AF2FC6 /* IntroductionViewController.swift */ = {isa = PBXFileReference; fileEncoding = 4; lastKnownFileType = sourcecode.swift; path = IntroductionViewController.swift; sourceTree = "<group>"; };
		BC81A8B31F6AF14900A69850 /* ProcessResults.swift */ = {isa = PBXFileReference; fileEncoding = 4; lastKnownFileType = sourcecode.swift; path = ProcessResults.swift; sourceTree = "<group>"; };
		BC97E3971F705E9E00D7BD4B /* TaskViewControllerResults.swift */ = {isa = PBXFileReference; fileEncoding = 4; lastKnownFileType = sourcecode.swift; path = TaskViewControllerResults.swift; sourceTree = "<group>"; };
		BC9BA20F2040AA9200D651C6 /* LoginViewController.swift */ = {isa = PBXFileReference; lastKnownFileType = sourcecode.swift; path = LoginViewController.swift; sourceTree = "<group>"; };
		BC9BA2102040AA9200D651C6 /* LoginViewController.xib */ = {isa = PBXFileReference; lastKnownFileType = file.xib; path = LoginViewController.xib; sourceTree = "<group>"; };
		BCAA5392202BE9DF00EA68EE /* OnboardingTask.swift */ = {isa = PBXFileReference; lastKnownFileType = sourcecode.swift; path = OnboardingTask.swift; sourceTree = "<group>"; };
		BCBA36361F549E4F0057C7D8 /* OnboardingSurvey.swift */ = {isa = PBXFileReference; fileEncoding = 4; lastKnownFileType = sourcecode.swift; path = OnboardingSurvey.swift; sourceTree = "<group>"; };
		BCBBFC1D1F6527F0009AA9B9 /* TaskResults.swift */ = {isa = PBXFileReference; fileEncoding = 4; lastKnownFileType = sourcecode.swift; path = TaskResults.swift; sourceTree = "<group>"; };
		BCBBFC1F1F652825009AA9B9 /* ActivityEnum.swift */ = {isa = PBXFileReference; fileEncoding = 4; lastKnownFileType = sourcecode.swift; path = ActivityEnum.swift; sourceTree = "<group>"; };
		BCC5EA91202E180F00F2B2D2 /* VerificationStepView.xib */ = {isa = PBXFileReference; lastKnownFileType = file.xib; path = VerificationStepView.xib; sourceTree = "<group>"; };
		BCC77A71202FE97600D6798B /* LoginTask.swift */ = {isa = PBXFileReference; lastKnownFileType = sourcecode.swift; path = LoginTask.swift; sourceTree = "<group>"; };
		BCC7C236202F7EBD0068A7A9 /* PasscodeTask.swift */ = {isa = PBXFileReference; lastKnownFileType = sourcecode.swift; path = PasscodeTask.swift; sourceTree = "<group>"; };
		C4B5A7E494C3455F01B1B9C2 /* Pods-Breast Feeding NFP.debug.xcconfig */ = {isa = PBXFileReference; includeInIndex = 1; lastKnownFileType = text.xcconfig; name = "Pods-Breast Feeding NFP.debug.xcconfig"; path = "Pods/Target Support Files/Pods-Breast Feeding NFP/Pods-Breast Feeding NFP.debug.xcconfig"; sourceTree = "<group>"; };
		D7735B201353D8A78DB17A10 /* Pods-Breast Feeding NFPTests.release.xcconfig */ = {isa = PBXFileReference; includeInIndex = 1; lastKnownFileType = text.xcconfig; name = "Pods-Breast Feeding NFPTests.release.xcconfig"; path = "Pods/Target Support Files/Pods-Breast Feeding NFPTests/Pods-Breast Feeding NFPTests.release.xcconfig"; sourceTree = "<group>"; };
		D9E9EA8320560899004D7012 /* AmazonCognitoSync.swift */ = {isa = PBXFileReference; lastKnownFileType = sourcecode.swift; path = AmazonCognitoSync.swift; sourceTree = "<group>"; };
		E1273D268AA37A676A693EA0 /* Pods-Breast Feeding NFPTests.debug.xcconfig */ = {isa = PBXFileReference; includeInIndex = 1; lastKnownFileType = text.xcconfig; name = "Pods-Breast Feeding NFPTests.debug.xcconfig"; path = "Pods/Target Support Files/Pods-Breast Feeding NFPTests/Pods-Breast Feeding NFPTests.debug.xcconfig"; sourceTree = "<group>"; };
/* End PBXFileReference section */

/* Begin PBXFrameworksBuildPhase section */
		BC21F3A71F4F3072006629AC /* Frameworks */ = {
			isa = PBXFrameworksBuildPhase;
			buildActionMask = 2147483647;
			files = (
				EC74BA55CCC19AB3321596F9 /* Pods_Breast_Feeding_NFP.framework in Frameworks */,
			);
			runOnlyForDeploymentPostprocessing = 0;
		};
		BC21F3BD1F4F3072006629AC /* Frameworks */ = {
			isa = PBXFrameworksBuildPhase;
			buildActionMask = 2147483647;
			files = (
				FBE0BF8ED3988D1FF031F613 /* Pods_Breast_Feeding_NFPTests.framework in Frameworks */,
			);
			runOnlyForDeploymentPostprocessing = 0;
		};
		BC21F3C81F4F3072006629AC /* Frameworks */ = {
			isa = PBXFrameworksBuildPhase;
			buildActionMask = 2147483647;
			files = (
				403B1A9D9C3CB8EA0BF2F04D /* Pods_Breast_Feeding_NFPUITests.framework in Frameworks */,
			);
			runOnlyForDeploymentPostprocessing = 0;
		};
/* End PBXFrameworksBuildPhase section */

/* Begin PBXGroup section */
		929E612B744B720460C03DF4 /* Frameworks */ = {
			isa = PBXGroup;
			children = (
				783F486C43D2031E4BBB3D79 /* Pods_Breast_Feeding_NFP.framework */,
				53DFFBEDF0297014767E10EA /* Pods_Breast_Feeding_NFPTests.framework */,
				B837E953CD14D151A4B75FE3 /* Pods_Breast_Feeding_NFPUITests.framework */,
			);
			name = Frameworks;
			sourceTree = "<group>";
		};
		BC21F3A11F4F3072006629AC = {
			isa = PBXGroup;
			children = (
				BC21F3AC1F4F3072006629AC /* Breast Feeding NFP */,
				BC21F3C31F4F3072006629AC /* Breast Feeding NFPTests */,
				BC21F3CE1F4F3072006629AC /* Breast Feeding NFPUITests */,
				BC21F3AB1F4F3072006629AC /* Products */,
				F494FE643A2D84102897AA90 /* Pods */,
				929E612B744B720460C03DF4 /* Frameworks */,
			);
			sourceTree = "<group>";
		};
		BC21F3AB1F4F3072006629AC /* Products */ = {
			isa = PBXGroup;
			children = (
				BC21F3AA1F4F3072006629AC /* Breast Feeding NFP.app */,
				BC21F3C01F4F3072006629AC /* Breast Feeding NFPTests.xctest */,
				BC21F3CB1F4F3072006629AC /* Breast Feeding NFPUITests.xctest */,
			);
			name = Products;
			sourceTree = "<group>";
		};
		BC21F3AC1F4F3072006629AC /* Breast Feeding NFP */ = {
			isa = PBXGroup;
			children = (
				D9E9EA81205607F1004D7012 /* Container */,
				BCC77A70202FE91B00D6798B /* Login */,
				BC77595A1F4F57AB00AF2FC6 /* Dashboard */,
				D9E9EA8220560809004D7012 /* Profile */,
				BC21F3DE1F4F314E006629AC /* Activities */,
				BC21F3AD1F4F3072006629AC /* AppDelegate.swift */,
				BC21F3B61F4F3072006629AC /* Assets.xcassets */,
				BC21F3BB1F4F3072006629AC /* Info.plist */,
				BC21F3B81F4F3072006629AC /* LaunchScreen.storyboard */,
				BC21F3B31F4F3072006629AC /* Main.storyboard */,
				BC21F3DD1F4F3138006629AC /* Onboarding */,
				BCBBFC1C1F6527CC009AA9B9 /* Results */,
				BC7759551F4F539F00AF2FC6 /* Withdrawl */,
				D9E9EA8320560899004D7012 /* AmazonCognitoSync.swift */,
			);
			path = "Breast Feeding NFP";
			sourceTree = "<group>";
		};
		BC21F3C31F4F3072006629AC /* Breast Feeding NFPTests */ = {
			isa = PBXGroup;
			children = (
				BC65FCAD203E46B2005D2A3A /* KeychainWrapperTests.swift */,
				BC21F3C41F4F3072006629AC /* Breast_Feeding_NFPTests.swift */,
				BC21F3C61F4F3072006629AC /* Info.plist */,
			);
			path = "Breast Feeding NFPTests";
			sourceTree = "<group>";
		};
		BC21F3CE1F4F3072006629AC /* Breast Feeding NFPUITests */ = {
			isa = PBXGroup;
			children = (
				BC21F3CF1F4F3072006629AC /* Breast_Feeding_NFPUITests.swift */,
				BC21F3D11F4F3072006629AC /* Info.plist */,
			);
			path = "Breast Feeding NFPUITests";
			sourceTree = "<group>";
		};
		BC21F3DD1F4F3138006629AC /* Onboarding */ = {
			isa = PBXGroup;
			children = (
				BC145E82202D4A0E004A516B /* VerificationStep.swift */,
				BCC5EA91202E180F00F2B2D2 /* VerificationStepView.xib */,
				BC77595C1F4F593F00AF2FC6 /* ConsentDocument.swift */,
				BC7759641F4F650800AF2FC6 /* IntroductionViewController.swift */,
				BCBA36361F549E4F0057C7D8 /* OnboardingSurvey.swift */,
				BCAA5392202BE9DF00EA68EE /* OnboardingTask.swift */,
				BC7759581F4F561700AF2FC6 /* OnboardingViewController.swift */,
			);
			name = Onboarding;
			sourceTree = "<group>";
		};
		BC21F3DE1F4F314E006629AC /* Activities */ = {
			isa = PBXGroup;
			children = (
				BC7759601F4F5A3C00AF2FC6 /* ActivityViewController.swift */,
				BC7759621F4F619000AF2FC6 /* StudyTasks.swift */,
				BCBBFC1F1F652825009AA9B9 /* ActivityEnum.swift */,
			);
			name = Activities;
			sourceTree = "<group>";
		};
		BC7759551F4F539F00AF2FC6 /* Withdrawl */ = {
			isa = PBXGroup;
			children = (
				BC7759561F4F53BB00AF2FC6 /* WithdrawViewController.swift */,
			);
			name = Withdrawl;
			sourceTree = "<group>";
		};
		BC77595A1F4F57AB00AF2FC6 /* Dashboard */ = {
			isa = PBXGroup;
			children = (
				BC21F3AF1F4F3072006629AC /* FirstViewController.swift */,
			);
			name = Dashboard;
			sourceTree = "<group>";
		};
		BCBBFC1C1F6527CC009AA9B9 /* Results */ = {
			isa = PBXGroup;
			children = (
				BCBBFC1D1F6527F0009AA9B9 /* TaskResults.swift */,
				BC81A8B31F6AF14900A69850 /* ProcessResults.swift */,
				BC97E3971F705E9E00D7BD4B /* TaskViewControllerResults.swift */,
			);
			name = Results;
			sourceTree = "<group>";
		};
		BCC77A70202FE91B00D6798B /* Login */ = {
			isa = PBXGroup;
			children = (
				BCC7C236202F7EBD0068A7A9 /* PasscodeTask.swift */,
				BCC77A71202FE97600D6798B /* LoginTask.swift */,
				BC48D8E22030CF1B00EEEE35 /* DoNotCommit.swift */,
				BC9BA20F2040AA9200D651C6 /* LoginViewController.swift */,
				BC9BA2102040AA9200D651C6 /* LoginViewController.xib */,
			);
			name = Login;
			sourceTree = "<group>";
		};
		D9E9EA81205607F1004D7012 /* Container */ = {
			isa = PBXGroup;
			children = (
				BC7759511F4F508400AF2FC6 /* ResearchContainerSegue.swift */,
				BC7759531F4F50E900AF2FC6 /* ResearchContainerViewController.swift */,
			);
			name = Container;
			sourceTree = "<group>";
		};
		D9E9EA8220560809004D7012 /* Profile */ = {
			isa = PBXGroup;
			children = (
				BC21F3B11F4F3072006629AC /* ProfileViewController.swift */,
			);
			name = Profile;
			sourceTree = "<group>";
		};
		F494FE643A2D84102897AA90 /* Pods */ = {
			isa = PBXGroup;
			children = (
				C4B5A7E494C3455F01B1B9C2 /* Pods-Breast Feeding NFP.debug.xcconfig */,
				7CECEBE3AA6C3A109BA502A3 /* Pods-Breast Feeding NFP.release.xcconfig */,
				E1273D268AA37A676A693EA0 /* Pods-Breast Feeding NFPTests.debug.xcconfig */,
				D7735B201353D8A78DB17A10 /* Pods-Breast Feeding NFPTests.release.xcconfig */,
				3B603C43252FC7AA920637A4 /* Pods-Breast Feeding NFPUITests.debug.xcconfig */,
				57A7D7FA1E58A5061F4EBF73 /* Pods-Breast Feeding NFPUITests.release.xcconfig */,
			);
			name = Pods;
			sourceTree = "<group>";
		};
/* End PBXGroup section */

/* Begin PBXNativeTarget section */
		BC21F3A91F4F3072006629AC /* Breast Feeding NFP */ = {
			isa = PBXNativeTarget;
			buildConfigurationList = BC21F3D41F4F3072006629AC /* Build configuration list for PBXNativeTarget "Breast Feeding NFP" */;
			buildPhases = (
				C927D449E832CEFD17EF1420 /* [CP] Check Pods Manifest.lock */,
				BC21F3A61F4F3072006629AC /* Sources */,
				BC21F3A71F4F3072006629AC /* Frameworks */,
				BC21F3A81F4F3072006629AC /* Resources */,
				43A76B40C8437B708E8A903F /* [CP] Embed Pods Frameworks */,
				619EBB8319A9B11EBED8D1B8 /* [CP] Copy Pods Resources */,
			);
			buildRules = (
			);
			dependencies = (
			);
			name = "Breast Feeding NFP";
			productName = "Breast Feeding NFP";
			productReference = BC21F3AA1F4F3072006629AC /* Breast Feeding NFP.app */;
			productType = "com.apple.product-type.application";
		};
		BC21F3BF1F4F3072006629AC /* Breast Feeding NFPTests */ = {
			isa = PBXNativeTarget;
			buildConfigurationList = BC21F3D71F4F3072006629AC /* Build configuration list for PBXNativeTarget "Breast Feeding NFPTests" */;
			buildPhases = (
				27E476E067193CA8858F2E18 /* [CP] Check Pods Manifest.lock */,
				BC21F3BC1F4F3072006629AC /* Sources */,
				BC21F3BD1F4F3072006629AC /* Frameworks */,
				BC21F3BE1F4F3072006629AC /* Resources */,
				27B8FAF25F07D3ED87246CE0 /* [CP] Embed Pods Frameworks */,
				D8E8E29213CA23CAFBA41A7D /* [CP] Copy Pods Resources */,
			);
			buildRules = (
			);
			dependencies = (
				BC21F3C21F4F3072006629AC /* PBXTargetDependency */,
			);
			name = "Breast Feeding NFPTests";
			productName = "Breast Feeding NFPTests";
			productReference = BC21F3C01F4F3072006629AC /* Breast Feeding NFPTests.xctest */;
			productType = "com.apple.product-type.bundle.unit-test";
		};
		BC21F3CA1F4F3072006629AC /* Breast Feeding NFPUITests */ = {
			isa = PBXNativeTarget;
			buildConfigurationList = BC21F3DA1F4F3072006629AC /* Build configuration list for PBXNativeTarget "Breast Feeding NFPUITests" */;
			buildPhases = (
				2C0BF523F60708F73004034D /* [CP] Check Pods Manifest.lock */,
				BC21F3C71F4F3072006629AC /* Sources */,
				BC21F3C81F4F3072006629AC /* Frameworks */,
				BC21F3C91F4F3072006629AC /* Resources */,
				C2EB3DEF20E2C899B528F8E4 /* [CP] Embed Pods Frameworks */,
				FC3DFDF287AAAB848142AB3A /* [CP] Copy Pods Resources */,
			);
			buildRules = (
			);
			dependencies = (
				BC21F3CD1F4F3072006629AC /* PBXTargetDependency */,
			);
			name = "Breast Feeding NFPUITests";
			productName = "Breast Feeding NFPUITests";
			productReference = BC21F3CB1F4F3072006629AC /* Breast Feeding NFPUITests.xctest */;
			productType = "com.apple.product-type.bundle.ui-testing";
		};
/* End PBXNativeTarget section */

/* Begin PBXProject section */
		BC21F3A21F4F3072006629AC /* Project object */ = {
			isa = PBXProject;
			attributes = {
				LastSwiftUpdateCheck = 0830;
				LastUpgradeCheck = 0830;
				ORGANIZATIONNAME = "Anthony Schneider";
				TargetAttributes = {
					BC21F3A91F4F3072006629AC = {
						CreatedOnToolsVersion = 8.3.3;
						DevelopmentTeam = B4LAADES87;
						LastSwiftMigration = 0900;
						ProvisioningStyle = Automatic;
					};
					BC21F3BF1F4F3072006629AC = {
						CreatedOnToolsVersion = 8.3.3;
						DevelopmentTeam = JF376C6YXK;
						LastSwiftMigration = 0900;
						ProvisioningStyle = Automatic;
						TestTargetID = BC21F3A91F4F3072006629AC;
					};
					BC21F3CA1F4F3072006629AC = {
						CreatedOnToolsVersion = 8.3.3;
						DevelopmentTeam = JF376C6YXK;
						LastSwiftMigration = 0900;
						ProvisioningStyle = Automatic;
						TestTargetID = BC21F3A91F4F3072006629AC;
					};
				};
			};
			buildConfigurationList = BC21F3A51F4F3072006629AC /* Build configuration list for PBXProject "Breast Feeding NFP" */;
			compatibilityVersion = "Xcode 3.2";
			developmentRegion = English;
			hasScannedForEncodings = 0;
			knownRegions = (
				en,
				Base,
			);
			mainGroup = BC21F3A11F4F3072006629AC;
			productRefGroup = BC21F3AB1F4F3072006629AC /* Products */;
			projectDirPath = "";
			projectRoot = "";
			targets = (
				BC21F3A91F4F3072006629AC /* Breast Feeding NFP */,
				BC21F3BF1F4F3072006629AC /* Breast Feeding NFPTests */,
				BC21F3CA1F4F3072006629AC /* Breast Feeding NFPUITests */,
			);
		};
/* End PBXProject section */

/* Begin PBXResourcesBuildPhase section */
		BC21F3A81F4F3072006629AC /* Resources */ = {
			isa = PBXResourcesBuildPhase;
			buildActionMask = 2147483647;
			files = (
				BC21F3BA1F4F3072006629AC /* LaunchScreen.storyboard in Resources */,
				BC21F3B71F4F3072006629AC /* Assets.xcassets in Resources */,
				BC21F3B51F4F3072006629AC /* Main.storyboard in Resources */,
				BC9BA2122040AA9200D651C6 /* LoginViewController.xib in Resources */,
				BCC5EA92202E180F00F2B2D2 /* VerificationStepView.xib in Resources */,
			);
			runOnlyForDeploymentPostprocessing = 0;
		};
		BC21F3BE1F4F3072006629AC /* Resources */ = {
			isa = PBXResourcesBuildPhase;
			buildActionMask = 2147483647;
			files = (
			);
			runOnlyForDeploymentPostprocessing = 0;
		};
		BC21F3C91F4F3072006629AC /* Resources */ = {
			isa = PBXResourcesBuildPhase;
			buildActionMask = 2147483647;
			files = (
			);
			runOnlyForDeploymentPostprocessing = 0;
		};
/* End PBXResourcesBuildPhase section */

/* Begin PBXShellScriptBuildPhase section */
		27B8FAF25F07D3ED87246CE0 /* [CP] Embed Pods Frameworks */ = {
			isa = PBXShellScriptBuildPhase;
			buildActionMask = 2147483647;
			files = (
			);
			inputPaths = (
			);
			name = "[CP] Embed Pods Frameworks";
			outputPaths = (
			);
			runOnlyForDeploymentPostprocessing = 0;
			shellPath = /bin/sh;
			shellScript = "\"${SRCROOT}/Pods/Target Support Files/Pods-Breast Feeding NFPTests/Pods-Breast Feeding NFPTests-frameworks.sh\"\n";
			showEnvVarsInLog = 0;
		};
		27E476E067193CA8858F2E18 /* [CP] Check Pods Manifest.lock */ = {
			isa = PBXShellScriptBuildPhase;
			buildActionMask = 2147483647;
			files = (
			);
			inputPaths = (
				"${PODS_PODFILE_DIR_PATH}/Podfile.lock",
				"${PODS_ROOT}/Manifest.lock",
			);
			name = "[CP] Check Pods Manifest.lock";
			outputPaths = (
				"$(DERIVED_FILE_DIR)/Pods-Breast Feeding NFPTests-checkManifestLockResult.txt",
			);
			runOnlyForDeploymentPostprocessing = 0;
			shellPath = /bin/sh;
			shellScript = "diff \"${PODS_PODFILE_DIR_PATH}/Podfile.lock\" \"${PODS_ROOT}/Manifest.lock\" > /dev/null\nif [ $? != 0 ] ; then\n    # print error to STDERR\n    echo \"error: The sandbox is not in sync with the Podfile.lock. Run 'pod install' or update your CocoaPods installation.\" >&2\n    exit 1\nfi\n# This output is used by Xcode 'outputs' to avoid re-running this script phase.\necho \"SUCCESS\" > \"${SCRIPT_OUTPUT_FILE_0}\"\n";
			showEnvVarsInLog = 0;
		};
		2C0BF523F60708F73004034D /* [CP] Check Pods Manifest.lock */ = {
			isa = PBXShellScriptBuildPhase;
			buildActionMask = 2147483647;
			files = (
			);
			inputPaths = (
				"${PODS_PODFILE_DIR_PATH}/Podfile.lock",
				"${PODS_ROOT}/Manifest.lock",
			);
			name = "[CP] Check Pods Manifest.lock";
			outputPaths = (
				"$(DERIVED_FILE_DIR)/Pods-Breast Feeding NFPUITests-checkManifestLockResult.txt",
			);
			runOnlyForDeploymentPostprocessing = 0;
			shellPath = /bin/sh;
			shellScript = "diff \"${PODS_PODFILE_DIR_PATH}/Podfile.lock\" \"${PODS_ROOT}/Manifest.lock\" > /dev/null\nif [ $? != 0 ] ; then\n    # print error to STDERR\n    echo \"error: The sandbox is not in sync with the Podfile.lock. Run 'pod install' or update your CocoaPods installation.\" >&2\n    exit 1\nfi\n# This output is used by Xcode 'outputs' to avoid re-running this script phase.\necho \"SUCCESS\" > \"${SCRIPT_OUTPUT_FILE_0}\"\n";
			showEnvVarsInLog = 0;
		};
		43A76B40C8437B708E8A903F /* [CP] Embed Pods Frameworks */ = {
			isa = PBXShellScriptBuildPhase;
			buildActionMask = 2147483647;
			files = (
			);
			inputPaths = (
				"${SRCROOT}/Pods/Target Support Files/Pods-Breast Feeding NFP/Pods-Breast Feeding NFP-frameworks.sh",
				"${BUILT_PRODUCTS_DIR}/AWSAuthCore/AWSAuthCore.framework",
				"${BUILT_PRODUCTS_DIR}/AWSAuthUI/AWSAuthUI.framework",
				"${BUILT_PRODUCTS_DIR}/AWSCognito/AWSCognito.framework",
				"${BUILT_PRODUCTS_DIR}/AWSCognitoIdentityProvider/AWSCognitoIdentityProvider.framework",
				"${BUILT_PRODUCTS_DIR}/AWSCognitoIdentityProviderASF/AWSCognitoIdentityProviderASF.framework",
				"${BUILT_PRODUCTS_DIR}/AWSCore/AWSCore.framework",
				"${BUILT_PRODUCTS_DIR}/AWSMobileAnalytics/AWSMobileAnalytics.framework",
				"${BUILT_PRODUCTS_DIR}/AWSS3/AWSS3.framework",
				"${BUILT_PRODUCTS_DIR}/AWSUserPoolsSignIn/AWSUserPoolsSignIn.framework",
				"${BUILT_PRODUCTS_DIR}/ResearchKit/ResearchKit.framework",
				"${BUILT_PRODUCTS_DIR}/SwiftKeychainWrapper/SwiftKeychainWrapper.framework",
			);
			name = "[CP] Embed Pods Frameworks";
			outputPaths = (
				"${TARGET_BUILD_DIR}/${FRAMEWORKS_FOLDER_PATH}/AWSAuthCore.framework",
				"${TARGET_BUILD_DIR}/${FRAMEWORKS_FOLDER_PATH}/AWSAuthUI.framework",
				"${TARGET_BUILD_DIR}/${FRAMEWORKS_FOLDER_PATH}/AWSCognito.framework",
				"${TARGET_BUILD_DIR}/${FRAMEWORKS_FOLDER_PATH}/AWSCognitoIdentityProvider.framework",
				"${TARGET_BUILD_DIR}/${FRAMEWORKS_FOLDER_PATH}/AWSCognitoIdentityProviderASF.framework",
				"${TARGET_BUILD_DIR}/${FRAMEWORKS_FOLDER_PATH}/AWSCore.framework",
				"${TARGET_BUILD_DIR}/${FRAMEWORKS_FOLDER_PATH}/AWSMobileAnalytics.framework",
				"${TARGET_BUILD_DIR}/${FRAMEWORKS_FOLDER_PATH}/AWSS3.framework",
				"${TARGET_BUILD_DIR}/${FRAMEWORKS_FOLDER_PATH}/AWSUserPoolsSignIn.framework",
				"${TARGET_BUILD_DIR}/${FRAMEWORKS_FOLDER_PATH}/ResearchKit.framework",
				"${TARGET_BUILD_DIR}/${FRAMEWORKS_FOLDER_PATH}/SwiftKeychainWrapper.framework",
			);
			runOnlyForDeploymentPostprocessing = 0;
			shellPath = /bin/sh;
			shellScript = "\"${SRCROOT}/Pods/Target Support Files/Pods-Breast Feeding NFP/Pods-Breast Feeding NFP-frameworks.sh\"\n";
			showEnvVarsInLog = 0;
		};
		619EBB8319A9B11EBED8D1B8 /* [CP] Copy Pods Resources */ = {
			isa = PBXShellScriptBuildPhase;
			buildActionMask = 2147483647;
			files = (
			);
			inputPaths = (
			);
			name = "[CP] Copy Pods Resources";
			outputPaths = (
			);
			runOnlyForDeploymentPostprocessing = 0;
			shellPath = /bin/sh;
			shellScript = "\"${SRCROOT}/Pods/Target Support Files/Pods-Breast Feeding NFP/Pods-Breast Feeding NFP-resources.sh\"\n";
			showEnvVarsInLog = 0;
		};
		C2EB3DEF20E2C899B528F8E4 /* [CP] Embed Pods Frameworks */ = {
			isa = PBXShellScriptBuildPhase;
			buildActionMask = 2147483647;
			files = (
			);
			inputPaths = (
			);
			name = "[CP] Embed Pods Frameworks";
			outputPaths = (
			);
			runOnlyForDeploymentPostprocessing = 0;
			shellPath = /bin/sh;
			shellScript = "\"${SRCROOT}/Pods/Target Support Files/Pods-Breast Feeding NFPUITests/Pods-Breast Feeding NFPUITests-frameworks.sh\"\n";
			showEnvVarsInLog = 0;
		};
		C927D449E832CEFD17EF1420 /* [CP] Check Pods Manifest.lock */ = {
			isa = PBXShellScriptBuildPhase;
			buildActionMask = 2147483647;
			files = (
			);
			inputPaths = (
				"${PODS_PODFILE_DIR_PATH}/Podfile.lock",
				"${PODS_ROOT}/Manifest.lock",
			);
			name = "[CP] Check Pods Manifest.lock";
			outputPaths = (
				"$(DERIVED_FILE_DIR)/Pods-Breast Feeding NFP-checkManifestLockResult.txt",
			);
			runOnlyForDeploymentPostprocessing = 0;
			shellPath = /bin/sh;
			shellScript = "diff \"${PODS_PODFILE_DIR_PATH}/Podfile.lock\" \"${PODS_ROOT}/Manifest.lock\" > /dev/null\nif [ $? != 0 ] ; then\n    # print error to STDERR\n    echo \"error: The sandbox is not in sync with the Podfile.lock. Run 'pod install' or update your CocoaPods installation.\" >&2\n    exit 1\nfi\n# This output is used by Xcode 'outputs' to avoid re-running this script phase.\necho \"SUCCESS\" > \"${SCRIPT_OUTPUT_FILE_0}\"\n";
			showEnvVarsInLog = 0;
		};
		D8E8E29213CA23CAFBA41A7D /* [CP] Copy Pods Resources */ = {
			isa = PBXShellScriptBuildPhase;
			buildActionMask = 2147483647;
			files = (
			);
			inputPaths = (
			);
			name = "[CP] Copy Pods Resources";
			outputPaths = (
			);
			runOnlyForDeploymentPostprocessing = 0;
			shellPath = /bin/sh;
			shellScript = "\"${SRCROOT}/Pods/Target Support Files/Pods-Breast Feeding NFPTests/Pods-Breast Feeding NFPTests-resources.sh\"\n";
			showEnvVarsInLog = 0;
		};
		FC3DFDF287AAAB848142AB3A /* [CP] Copy Pods Resources */ = {
			isa = PBXShellScriptBuildPhase;
			buildActionMask = 2147483647;
			files = (
			);
			inputPaths = (
			);
			name = "[CP] Copy Pods Resources";
			outputPaths = (
			);
			runOnlyForDeploymentPostprocessing = 0;
			shellPath = /bin/sh;
			shellScript = "\"${SRCROOT}/Pods/Target Support Files/Pods-Breast Feeding NFPUITests/Pods-Breast Feeding NFPUITests-resources.sh\"\n";
			showEnvVarsInLog = 0;
		};
/* End PBXShellScriptBuildPhase section */

/* Begin PBXSourcesBuildPhase section */
		BC21F3A61F4F3072006629AC /* Sources */ = {
			isa = PBXSourcesBuildPhase;
			buildActionMask = 2147483647;
			files = (
				BCC7C237202F7EBD0068A7A9 /* PasscodeTask.swift in Sources */,
				BC7759651F4F650800AF2FC6 /* IntroductionViewController.swift in Sources */,
				BC81A8B41F6AF14900A69850 /* ProcessResults.swift in Sources */,
				BC7759521F4F508400AF2FC6 /* ResearchContainerSegue.swift in Sources */,
				BCAA5393202BE9DF00EA68EE /* OnboardingTask.swift in Sources */,
				BC97E3981F705E9E00D7BD4B /* TaskViewControllerResults.swift in Sources */,
				BCBBFC1E1F6527F0009AA9B9 /* TaskResults.swift in Sources */,
				BC48D8E32030CF1B00EEEE35 /* DoNotCommit.swift in Sources */,
				BC77595D1F4F593F00AF2FC6 /* ConsentDocument.swift in Sources */,
				BC7759631F4F619000AF2FC6 /* StudyTasks.swift in Sources */,
				BC9BA2112040AA9200D651C6 /* LoginViewController.swift in Sources */,
				BC21F3B21F4F3072006629AC /* ProfileViewController.swift in Sources */,
				BCC77A72202FE97600D6798B /* LoginTask.swift in Sources */,
				D9E9EA8420560899004D7012 /* AmazonCognitoSync.swift in Sources */,
				BC21F3AE1F4F3072006629AC /* AppDelegate.swift in Sources */,
				BCBBFC201F652825009AA9B9 /* ActivityEnum.swift in Sources */,
				BC7759611F4F5A3C00AF2FC6 /* ActivityViewController.swift in Sources */,
				BC21F3B01F4F3072006629AC /* FirstViewController.swift in Sources */,
				BC145E83202D4A0E004A516B /* VerificationStep.swift in Sources */,
				BC7759591F4F561700AF2FC6 /* OnboardingViewController.swift in Sources */,
				BC7759571F4F53BB00AF2FC6 /* WithdrawViewController.swift in Sources */,
				BCBA36371F549E4F0057C7D8 /* OnboardingSurvey.swift in Sources */,
				BC7759541F4F50E900AF2FC6 /* ResearchContainerViewController.swift in Sources */,
			);
			runOnlyForDeploymentPostprocessing = 0;
		};
		BC21F3BC1F4F3072006629AC /* Sources */ = {
			isa = PBXSourcesBuildPhase;
			buildActionMask = 2147483647;
			files = (
				BC21F3C51F4F3072006629AC /* Breast_Feeding_NFPTests.swift in Sources */,
				BC65FCAE203E46B2005D2A3A /* KeychainWrapperTests.swift in Sources */,
			);
			runOnlyForDeploymentPostprocessing = 0;
		};
		BC21F3C71F4F3072006629AC /* Sources */ = {
			isa = PBXSourcesBuildPhase;
			buildActionMask = 2147483647;
			files = (
				BC21F3D01F4F3072006629AC /* Breast_Feeding_NFPUITests.swift in Sources */,
			);
			runOnlyForDeploymentPostprocessing = 0;
		};
/* End PBXSourcesBuildPhase section */

/* Begin PBXTargetDependency section */
		BC21F3C21F4F3072006629AC /* PBXTargetDependency */ = {
			isa = PBXTargetDependency;
			target = BC21F3A91F4F3072006629AC /* Breast Feeding NFP */;
			targetProxy = BC21F3C11F4F3072006629AC /* PBXContainerItemProxy */;
		};
		BC21F3CD1F4F3072006629AC /* PBXTargetDependency */ = {
			isa = PBXTargetDependency;
			target = BC21F3A91F4F3072006629AC /* Breast Feeding NFP */;
			targetProxy = BC21F3CC1F4F3072006629AC /* PBXContainerItemProxy */;
		};
/* End PBXTargetDependency section */

/* Begin PBXVariantGroup section */
		BC21F3B31F4F3072006629AC /* Main.storyboard */ = {
			isa = PBXVariantGroup;
			children = (
				BC21F3B41F4F3072006629AC /* Base */,
			);
			name = Main.storyboard;
			sourceTree = "<group>";
		};
		BC21F3B81F4F3072006629AC /* LaunchScreen.storyboard */ = {
			isa = PBXVariantGroup;
			children = (
				BC21F3B91F4F3072006629AC /* Base */,
			);
			name = LaunchScreen.storyboard;
			sourceTree = "<group>";
		};
/* End PBXVariantGroup section */

/* Begin XCBuildConfiguration section */
		BC21F3D21F4F3072006629AC /* Debug */ = {
			isa = XCBuildConfiguration;
			buildSettings = {
				ALWAYS_SEARCH_USER_PATHS = NO;
				CLANG_ANALYZER_NONNULL = YES;
				CLANG_ANALYZER_NUMBER_OBJECT_CONVERSION = YES_AGGRESSIVE;
				CLANG_CXX_LANGUAGE_STANDARD = "gnu++0x";
				CLANG_CXX_LIBRARY = "libc++";
				CLANG_ENABLE_MODULES = YES;
				CLANG_ENABLE_OBJC_ARC = YES;
				CLANG_WARN_BOOL_CONVERSION = YES;
				CLANG_WARN_CONSTANT_CONVERSION = YES;
				CLANG_WARN_DIRECT_OBJC_ISA_USAGE = YES_ERROR;
				CLANG_WARN_DOCUMENTATION_COMMENTS = YES;
				CLANG_WARN_EMPTY_BODY = YES;
				CLANG_WARN_ENUM_CONVERSION = YES;
				CLANG_WARN_INFINITE_RECURSION = YES;
				CLANG_WARN_INT_CONVERSION = YES;
				CLANG_WARN_OBJC_ROOT_CLASS = YES_ERROR;
				CLANG_WARN_SUSPICIOUS_MOVE = YES;
				CLANG_WARN_UNREACHABLE_CODE = YES;
				CLANG_WARN__DUPLICATE_METHOD_MATCH = YES;
				"CODE_SIGN_IDENTITY[sdk=iphoneos*]" = "iPhone Developer";
				COPY_PHASE_STRIP = NO;
				DEBUG_INFORMATION_FORMAT = dwarf;
				ENABLE_STRICT_OBJC_MSGSEND = YES;
				ENABLE_TESTABILITY = YES;
				GCC_C_LANGUAGE_STANDARD = gnu99;
				GCC_DYNAMIC_NO_PIC = NO;
				GCC_NO_COMMON_BLOCKS = YES;
				GCC_OPTIMIZATION_LEVEL = 0;
				GCC_PREPROCESSOR_DEFINITIONS = (
					"DEBUG=1",
					"$(inherited)",
				);
				GCC_WARN_64_TO_32_BIT_CONVERSION = YES;
				GCC_WARN_ABOUT_RETURN_TYPE = YES_ERROR;
				GCC_WARN_UNDECLARED_SELECTOR = YES;
				GCC_WARN_UNINITIALIZED_AUTOS = YES_AGGRESSIVE;
				GCC_WARN_UNUSED_FUNCTION = YES;
				GCC_WARN_UNUSED_VARIABLE = YES;
				IPHONEOS_DEPLOYMENT_TARGET = 10.3;
				MTL_ENABLE_DEBUG_INFO = YES;
				ONLY_ACTIVE_ARCH = YES;
				SDKROOT = iphoneos;
				SWIFT_ACTIVE_COMPILATION_CONDITIONS = DEBUG;
				SWIFT_OPTIMIZATION_LEVEL = "-Onone";
			};
			name = Debug;
		};
		BC21F3D31F4F3072006629AC /* Release */ = {
			isa = XCBuildConfiguration;
			buildSettings = {
				ALWAYS_SEARCH_USER_PATHS = NO;
				CLANG_ANALYZER_NONNULL = YES;
				CLANG_ANALYZER_NUMBER_OBJECT_CONVERSION = YES_AGGRESSIVE;
				CLANG_CXX_LANGUAGE_STANDARD = "gnu++0x";
				CLANG_CXX_LIBRARY = "libc++";
				CLANG_ENABLE_MODULES = YES;
				CLANG_ENABLE_OBJC_ARC = YES;
				CLANG_WARN_BOOL_CONVERSION = YES;
				CLANG_WARN_CONSTANT_CONVERSION = YES;
				CLANG_WARN_DIRECT_OBJC_ISA_USAGE = YES_ERROR;
				CLANG_WARN_DOCUMENTATION_COMMENTS = YES;
				CLANG_WARN_EMPTY_BODY = YES;
				CLANG_WARN_ENUM_CONVERSION = YES;
				CLANG_WARN_INFINITE_RECURSION = YES;
				CLANG_WARN_INT_CONVERSION = YES;
				CLANG_WARN_OBJC_ROOT_CLASS = YES_ERROR;
				CLANG_WARN_SUSPICIOUS_MOVE = YES;
				CLANG_WARN_UNREACHABLE_CODE = YES;
				CLANG_WARN__DUPLICATE_METHOD_MATCH = YES;
				"CODE_SIGN_IDENTITY[sdk=iphoneos*]" = "iPhone Developer";
				COPY_PHASE_STRIP = NO;
				DEBUG_INFORMATION_FORMAT = "dwarf-with-dsym";
				ENABLE_NS_ASSERTIONS = NO;
				ENABLE_STRICT_OBJC_MSGSEND = YES;
				GCC_C_LANGUAGE_STANDARD = gnu99;
				GCC_NO_COMMON_BLOCKS = YES;
				GCC_WARN_64_TO_32_BIT_CONVERSION = YES;
				GCC_WARN_ABOUT_RETURN_TYPE = YES_ERROR;
				GCC_WARN_UNDECLARED_SELECTOR = YES;
				GCC_WARN_UNINITIALIZED_AUTOS = YES_AGGRESSIVE;
				GCC_WARN_UNUSED_FUNCTION = YES;
				GCC_WARN_UNUSED_VARIABLE = YES;
				IPHONEOS_DEPLOYMENT_TARGET = 10.3;
				MTL_ENABLE_DEBUG_INFO = NO;
				SDKROOT = iphoneos;
				SWIFT_OPTIMIZATION_LEVEL = "-Owholemodule";
				VALIDATE_PRODUCT = YES;
			};
			name = Release;
		};
		BC21F3D51F4F3072006629AC /* Debug */ = {
			isa = XCBuildConfiguration;
			baseConfigurationReference = C4B5A7E494C3455F01B1B9C2 /* Pods-Breast Feeding NFP.debug.xcconfig */;
			buildSettings = {
				ASSETCATALOG_COMPILER_APPICON_NAME = AppIcon;
				"CODE_SIGN_IDENTITY[sdk=iphoneos*]" = "iPhone Developer";
				DEVELOPMENT_TEAM = B4LAADES87;
				INFOPLIST_FILE = "Breast Feeding NFP/Info.plist";
				LD_RUNPATH_SEARCH_PATHS = "$(inherited) @executable_path/Frameworks";
				PRODUCT_BUNDLE_IDENTIFIER = "Anthony.Breast-Feeding-NFP";
				PRODUCT_NAME = "$(TARGET_NAME)";
				PROVISIONING_PROFILE = "";
				PROVISIONING_PROFILE_SPECIFIER = "";
				SWIFT_SWIFT3_OBJC_INFERENCE = On;
				SWIFT_VERSION = 4.0;
				TARGETED_DEVICE_FAMILY = "1,2";
			};
			name = Debug;
		};
		BC21F3D61F4F3072006629AC /* Release */ = {
			isa = XCBuildConfiguration;
			baseConfigurationReference = 7CECEBE3AA6C3A109BA502A3 /* Pods-Breast Feeding NFP.release.xcconfig */;
			buildSettings = {
				ASSETCATALOG_COMPILER_APPICON_NAME = AppIcon;
				"CODE_SIGN_IDENTITY[sdk=iphoneos*]" = "iPhone Developer";
				DEVELOPMENT_TEAM = B4LAADES87;
				INFOPLIST_FILE = "Breast Feeding NFP/Info.plist";
				LD_RUNPATH_SEARCH_PATHS = "$(inherited) @executable_path/Frameworks";
				PRODUCT_BUNDLE_IDENTIFIER = "Anthony.Breast-Feeding-NFP";
				PRODUCT_NAME = "$(TARGET_NAME)";
				PROVISIONING_PROFILE = "";
				PROVISIONING_PROFILE_SPECIFIER = "";
				SWIFT_SWIFT3_OBJC_INFERENCE = On;
				SWIFT_VERSION = 4.0;
				TARGETED_DEVICE_FAMILY = "1,2";
			};
			name = Release;
		};
		BC21F3D81F4F3072006629AC /* Debug */ = {
			isa = XCBuildConfiguration;
			baseConfigurationReference = E1273D268AA37A676A693EA0 /* Pods-Breast Feeding NFPTests.debug.xcconfig */;
			buildSettings = {
				ALWAYS_EMBED_SWIFT_STANDARD_LIBRARIES = YES;
				BUNDLE_LOADER = "$(TEST_HOST)";
				DEVELOPMENT_TEAM = JF376C6YXK;
				INFOPLIST_FILE = "Breast Feeding NFPTests/Info.plist";
				LD_RUNPATH_SEARCH_PATHS = "$(inherited) @executable_path/Frameworks @loader_path/Frameworks";
				PRODUCT_BUNDLE_IDENTIFIER = "Anthony.Breast-Feeding-NFPTests";
				PRODUCT_NAME = "$(TARGET_NAME)";
				SWIFT_SWIFT3_OBJC_INFERENCE = On;
				SWIFT_VERSION = 4.0;
				TEST_HOST = "$(BUILT_PRODUCTS_DIR)/Breast Feeding NFP.app/Breast Feeding NFP";
			};
			name = Debug;
		};
		BC21F3D91F4F3072006629AC /* Release */ = {
			isa = XCBuildConfiguration;
			baseConfigurationReference = D7735B201353D8A78DB17A10 /* Pods-Breast Feeding NFPTests.release.xcconfig */;
			buildSettings = {
				ALWAYS_EMBED_SWIFT_STANDARD_LIBRARIES = YES;
				BUNDLE_LOADER = "$(TEST_HOST)";
				DEVELOPMENT_TEAM = JF376C6YXK;
				INFOPLIST_FILE = "Breast Feeding NFPTests/Info.plist";
				LD_RUNPATH_SEARCH_PATHS = "$(inherited) @executable_path/Frameworks @loader_path/Frameworks";
				PRODUCT_BUNDLE_IDENTIFIER = "Anthony.Breast-Feeding-NFPTests";
				PRODUCT_NAME = "$(TARGET_NAME)";
				SWIFT_SWIFT3_OBJC_INFERENCE = On;
				SWIFT_VERSION = 4.0;
				TEST_HOST = "$(BUILT_PRODUCTS_DIR)/Breast Feeding NFP.app/Breast Feeding NFP";
			};
			name = Release;
		};
		BC21F3DB1F4F3072006629AC /* Debug */ = {
			isa = XCBuildConfiguration;
			baseConfigurationReference = 3B603C43252FC7AA920637A4 /* Pods-Breast Feeding NFPUITests.debug.xcconfig */;
			buildSettings = {
				ALWAYS_EMBED_SWIFT_STANDARD_LIBRARIES = YES;
				DEVELOPMENT_TEAM = JF376C6YXK;
				INFOPLIST_FILE = "Breast Feeding NFPUITests/Info.plist";
				LD_RUNPATH_SEARCH_PATHS = "$(inherited) @executable_path/Frameworks @loader_path/Frameworks";
				PRODUCT_BUNDLE_IDENTIFIER = "Anthony.Breast-Feeding-NFPUITests";
				PRODUCT_NAME = "$(TARGET_NAME)";
				SWIFT_SWIFT3_OBJC_INFERENCE = On;
				SWIFT_VERSION = 4.0;
				TEST_TARGET_NAME = "Breast Feeding NFP";
			};
			name = Debug;
		};
		BC21F3DC1F4F3072006629AC /* Release */ = {
			isa = XCBuildConfiguration;
			baseConfigurationReference = 57A7D7FA1E58A5061F4EBF73 /* Pods-Breast Feeding NFPUITests.release.xcconfig */;
			buildSettings = {
				ALWAYS_EMBED_SWIFT_STANDARD_LIBRARIES = YES;
				DEVELOPMENT_TEAM = JF376C6YXK;
				INFOPLIST_FILE = "Breast Feeding NFPUITests/Info.plist";
				LD_RUNPATH_SEARCH_PATHS = "$(inherited) @executable_path/Frameworks @loader_path/Frameworks";
				PRODUCT_BUNDLE_IDENTIFIER = "Anthony.Breast-Feeding-NFPUITests";
				PRODUCT_NAME = "$(TARGET_NAME)";
				SWIFT_SWIFT3_OBJC_INFERENCE = On;
				SWIFT_VERSION = 4.0;
				TEST_TARGET_NAME = "Breast Feeding NFP";
			};
			name = Release;
		};
/* End XCBuildConfiguration section */

/* Begin XCConfigurationList section */
		BC21F3A51F4F3072006629AC /* Build configuration list for PBXProject "Breast Feeding NFP" */ = {
			isa = XCConfigurationList;
			buildConfigurations = (
				BC21F3D21F4F3072006629AC /* Debug */,
				BC21F3D31F4F3072006629AC /* Release */,
			);
			defaultConfigurationIsVisible = 0;
			defaultConfigurationName = Release;
		};
		BC21F3D41F4F3072006629AC /* Build configuration list for PBXNativeTarget "Breast Feeding NFP" */ = {
			isa = XCConfigurationList;
			buildConfigurations = (
				BC21F3D51F4F3072006629AC /* Debug */,
				BC21F3D61F4F3072006629AC /* Release */,
			);
			defaultConfigurationIsVisible = 0;
			defaultConfigurationName = Release;
		};
		BC21F3D71F4F3072006629AC /* Build configuration list for PBXNativeTarget "Breast Feeding NFPTests" */ = {
			isa = XCConfigurationList;
			buildConfigurations = (
				BC21F3D81F4F3072006629AC /* Debug */,
				BC21F3D91F4F3072006629AC /* Release */,
			);
			defaultConfigurationIsVisible = 0;
			defaultConfigurationName = Release;
		};
		BC21F3DA1F4F3072006629AC /* Build configuration list for PBXNativeTarget "Breast Feeding NFPUITests" */ = {
			isa = XCConfigurationList;
			buildConfigurations = (
				BC21F3DB1F4F3072006629AC /* Debug */,
				BC21F3DC1F4F3072006629AC /* Release */,
			);
			defaultConfigurationIsVisible = 0;
			defaultConfigurationName = Release;
		};
/* End XCConfigurationList section */
	};
	rootObject = BC21F3A21F4F3072006629AC /* Project object */;
}
