PODS:
  - AWSCognito (2.6.20):
    - AWSCore (= 2.6.20)
  - AWSCognitoIdentityProvider (2.6.20):
    - AWSCognitoIdentityProviderASF (= 1.0.1)
    - AWSCore (= 2.6.20)
  - AWSCognitoIdentityProviderASF (1.0.1)
  - AWSCore (2.6.20)
  - AWSMobileAnalytics (2.6.20):
    - AWSCore (= 2.6.20)
  - AWSS3 (2.6.20):
    - AWSCore (= 2.6.20)
  - ResearchKit (1.5.2)
  - SwiftKeychainWrapper (3.0.1)

DEPENDENCIES:
  - AWSCognito (~> 2.6.6)
  - AWSCognitoIdentityProvider (~> 2.6.0)
  - AWSCore (~> 2.6.6)
  - AWSMobileAnalytics (~> 2.6.6)
  - AWSS3 (~> 2.6.6)
  - ResearchKit (from `/Users/anthonyschneider/Desktop/ResearchKit-master`)
  - SwiftKeychainWrapper

EXTERNAL SOURCES:
  ResearchKit:
    :path: /Users/anthonyschneider/Desktop/ResearchKit-master

SPEC CHECKSUMS:
  AWSCognito: 76b0fcfa24c6432b95059775c38e66ca7f18f839
  AWSCognitoIdentityProvider: 82158b2c4555ceab8c04368f9cc9ef216bf862e6
  AWSCognitoIdentityProviderASF: f94f1a502e72ef3d0a1de93e10bf7a79c8698118
  AWSCore: dd4d3d4fcafdce68a42025c3e9e45b026cf1f33b
  AWSMobileAnalytics: bc63d99856ef02bd8da890cfc831553049fa509d
  AWSS3: 69589dec1883cdca872b4ddd1ea2ef814b0846fe
  ResearchKit: 35c32ed3dc7ad48a26bb077515723d72fa1e8676
  SwiftKeychainWrapper: 38952a3636320ae61bad3513cadd870929de7a4a

PODFILE CHECKSUM: b9f0b5ff2e678f37b38251520f2aec8ba38c9b9e

COCOAPODS: 1.4.0
