PODS:
  - AWSCognito (2.6.30):
    - AWSCore (= 2.6.30)
  - AWSCognitoIdentityProvider (2.6.30):
    - AWSCognitoIdentityProviderASF (= 1.0.1)
    - AWSCore (= 2.6.30)
  - AWSCognitoIdentityProviderASF (1.0.1)
  - AWSCore (2.6.30)
  - AWSMobileAnalytics (2.6.30):
    - AWSCore (= 2.6.30)
  - AWSS3 (2.6.30):
    - AWSCore (= 2.6.30)
  - ResearchKit (1.5.2)
  - SwiftKeychainWrapper (3.0.1)

DEPENDENCIES:
  - AWSCognito (~> 2.6.6)
  - AWSCognitoIdentityProvider (~> 2.6.0)
  - AWSCore (~> 2.6.6)
  - AWSMobileAnalytics (~> 2.6.6)
  - AWSS3 (~> 2.6.6)
  - ResearchKit (from `/Users/anthonyschneider/Desktop/ResearchKit-master`)
  - SwiftKeychainWrapper

EXTERNAL SOURCES:
  ResearchKit:
    :path: /Users/anthonyschneider/Desktop/ResearchKit-master

SPEC CHECKSUMS:
  AWSCognito: 1f42162d003180ef67f13752f270d09e7ea57c91
  AWSCognitoIdentityProvider: c887b1cfec7235c85cc90070defbb78354ec7065
  AWSCognitoIdentityProviderASF: f94f1a502e72ef3d0a1de93e10bf7a79c8698118
  AWSCore: 11e8bb89d8d2e3bb6e31caa8b944ca7dae4c87cd
  AWSMobileAnalytics: 9fb631414a4d92ce099a0d6a895cf8e1d30993fe
  AWSS3: 63f401ca496ebedd05988f40c9f4108a72828121
  ResearchKit: 35c32ed3dc7ad48a26bb077515723d72fa1e8676
  SwiftKeychainWrapper: 38952a3636320ae61bad3513cadd870929de7a4a

PODFILE CHECKSUM: b9f0b5ff2e678f37b38251520f2aec8ba38c9b9e

COCOAPODS: 1.4.0
